
Microsoft Visual Studio Solution File, Format Version 12.00
# Visual Studio Version 17
VisualStudioVersion = 17.12.35728.132
MinimumVisualStudioVersion = 10.0.40219.1
Project("{FAE04EC0-301F-11D3-BF4B-00C04F79EFBC}") = "HealthcareAppointment.Application", "HealthcareAppointment.Application\HealthcareAppointment.Application.csproj", "{364E9182-C6CC-4D39-8881-27DC13EFCFB9}"
EndProject
Project("{FAE04EC0-301F-11D3-BF4B-00C04F79EFBC}") = "HealthcareAppointment.Infrastructure", "HealthcareAppointment.Infrastructure\HealthcareAppointment.Infrastructure.csproj", "{A5A906DC-104F-4272-8E87-9591326C2EF3}"
EndProject
Project("{FAE04EC0-301F-11D3-BF4B-00C04F79EFBC}") = "HealthcareAppointment.Api", "HealthcareAppointment.Api\HealthcareAppointment.Api.csproj", "{A5EE5B93-4EAE-40A0-917C-A2E5F456BF04}"
EndProject
Project("{FAE04EC0-301F-11D3-BF4B-00C04F79EFBC}") = "HealthcareAppointment.Domain", "HealthcareAppointment.Domain\HealthcareAppointment.Domain.csproj", "{41AC5605-31BA-48AF-95F6-F2482EF83DBD}"
EndProject
Global
	GlobalSection(SolutionConfigurationPlatforms) = preSolution
		Debug|Any CPU = Debug|Any CPU
		Release|Any CPU = Release|Any CPU
	EndGlobalSection
	GlobalSection(ProjectConfigurationPlatforms) = postSolution
		{364E9182-C6CC-4D39-8881-27DC13EFCFB9}.Debug|Any CPU.ActiveCfg = Debug|Any CPU
		{364E9182-C6CC-4D39-8881-27DC13EFCFB9}.Debug|Any CPU.Build.0 = Debug|Any CPU
		{364E9182-C6CC-4D39-8881-27DC13EFCFB9}.Release|Any CPU.ActiveCfg = Release|Any CPU
		{364E9182-C6CC-4D39-8881-27DC13EFCFB9}.Release|Any CPU.Build.0 = Release|Any CPU
		{A5A906DC-104F-4272-8E87-9591326C2EF3}.Debug|Any CPU.ActiveCfg = Debug|Any CPU
		{A5A906DC-104F-4272-8E87-9591326C2EF3}.Debug|Any CPU.Build.0 = Debug|Any CPU
		{A5A906DC-104F-4272-8E87-9591326C2EF3}.Release|Any CPU.ActiveCfg = Release|Any CPU
		{A5A906DC-104F-4272-8E87-9591326C2EF3}.Release|Any CPU.Build.0 = Release|Any CPU
		{A5EE5B93-4EAE-40A0-917C-A2E5F456BF04}.Debug|Any CPU.ActiveCfg = Debug|Any CPU
		{A5EE5B93-4EAE-40A0-917C-A2E5F456BF04}.Debug|Any CPU.Build.0 = Debug|Any CPU
		{A5EE5B93-4EAE-40A0-917C-A2E5F456BF04}.Release|Any CPU.ActiveCfg = Release|Any CPU
		{A5EE5B93-4EAE-40A0-917C-A2E5F456BF04}.Release|Any CPU.Build.0 = Release|Any CPU
		{41AC5605-31BA-48AF-95F6-F2482EF83DBD}.Debug|Any CPU.ActiveCfg = Debug|Any CPU
		{41AC5605-31BA-48AF-95F6-F2482EF83DBD}.Debug|Any CPU.Build.0 = Debug|Any CPU
		{41AC5605-31BA-48AF-95F6-F2482EF83DBD}.Release|Any CPU.ActiveCfg = Release|Any CPU
		{41AC5605-31BA-48AF-95F6-F2482EF83DBD}.Release|Any CPU.Build.0 = Release|Any CPU
	EndGlobalSection
	GlobalSection(SolutionProperties) = preSolution
		HideSolutionNode = FALSE
	EndGlobalSection
EndGlobal
